
Microsoft Visual Studio Solution File, Format Version 12.00
# Visual Studio Version 16
VisualStudioVersion = 16.0.29509.3
MinimumVisualStudioVersion = 10.0.40219.1
Project("{8BC9CEB8-8B4A-11D0-8D11-00A0C91BC942}") = "max", "max.vcxproj", "{724A805F-C8E0-4A22-B2CD-66ADE0E01586}"
EndProject
Global
	GlobalSection(SolutionConfigurationPlatforms) = preSolution
		Debug|x64 = Debug|x64
		Debug|x86 = Debug|x86
		Release|x64 = Release|x64
		Release|x86 = Release|x86
	EndGlobalSection
	GlobalSection(ProjectConfigurationPlatforms) = postSolution
		{724A805F-C8E0-4A22-B2CD-66ADE0E01586}.Debug|x64.ActiveCfg = Debug|x64
		{724A805F-C8E0-4A22-B2CD-66ADE0E01586}.Debug|x64.Build.0 = Debug|x64
		{724A805F-C8E0-4A22-B2CD-66ADE0E01586}.Debug|x86.ActiveCfg = Debug|Win32
		{724A805F-C8E0-4A22-B2CD-66ADE0E01586}.Debug|x86.Build.0 = Debug|Win32
		{724A805F-C8E0-4A22-B2CD-66ADE0E01586}.Release|x64.ActiveCfg = Release|x64
		{724A805F-C8E0-4A22-B2CD-66ADE0E01586}.Release|x64.Build.0 = Release|x64
		{724A805F-C8E0-4A22-B2CD-66ADE0E01586}.Release|x86.ActiveCfg = Release|Win32
		{724A805F-C8E0-4A22-B2CD-66ADE0E01586}.Release|x86.Build.0 = Release|Win32
	EndGlobalSection
	GlobalSection(SolutionProperties) = preSolution
		HideSolutionNode = FALSE
	EndGlobalSection
	GlobalSection(ExtensibilityGlobals) = postSolution
		SolutionGuid = {77E9BD9D-1FA6-412E-9C1F-069066F217FA}
	EndGlobalSection
EndGlobal
