
Microsoft Visual Studio Solution File, Format Version 12.00
# Visual Studio Version 16
VisualStudioVersion = 16.0.29709.97
MinimumVisualStudioVersion = 10.0.40219.1
Project("{8BC9CEB8-8B4A-11D0-8D11-00A0C91BC942}") = "投票", "投票.vcxproj", "{89046949-80AD-409B-A4C0-D6D79F92A79A}"
EndProject
Global
	GlobalSection(SolutionConfigurationPlatforms) = preSolution
		Debug|x64 = Debug|x64
		Debug|x86 = Debug|x86
		Release|x64 = Release|x64
		Release|x86 = Release|x86
	EndGlobalSection
	GlobalSection(ProjectConfigurationPlatforms) = postSolution
		{89046949-80AD-409B-A4C0-D6D79F92A79A}.Debug|x64.ActiveCfg = Debug|x64
		{89046949-80AD-409B-A4C0-D6D79F92A79A}.Debug|x64.Build.0 = Debug|x64
		{89046949-80AD-409B-A4C0-D6D79F92A79A}.Debug|x86.ActiveCfg = Debug|Win32
		{89046949-80AD-409B-A4C0-D6D79F92A79A}.Debug|x86.Build.0 = Debug|Win32
		{89046949-80AD-409B-A4C0-D6D79F92A79A}.Release|x64.ActiveCfg = Release|x64
		{89046949-80AD-409B-A4C0-D6D79F92A79A}.Release|x64.Build.0 = Release|x64
		{89046949-80AD-409B-A4C0-D6D79F92A79A}.Release|x86.ActiveCfg = Release|Win32
		{89046949-80AD-409B-A4C0-D6D79F92A79A}.Release|x86.Build.0 = Release|Win32
	EndGlobalSection
	GlobalSection(SolutionProperties) = preSolution
		HideSolutionNode = FALSE
	EndGlobalSection
	GlobalSection(ExtensibilityGlobals) = postSolution
		SolutionGuid = {006D9DDE-933A-4932-8985-0879E789E5BA}
	EndGlobalSection
EndGlobal
