
Microsoft Visual Studio Solution File, Format Version 12.00
# Visual Studio Version 16
VisualStudioVersion = 16.0.29806.167
MinimumVisualStudioVersion = 10.0.40219.1
Project("{8BC9CEB8-8B4A-11D0-8D11-00A0C91BC942}") = "网站表格", "网站表格.vcxproj", "{49FA25BF-F627-4ADE-85FB-9D5A73171423}"
EndProject
Global
	GlobalSection(SolutionConfigurationPlatforms) = preSolution
		Debug|x64 = Debug|x64
		Debug|x86 = Debug|x86
		Release|x64 = Release|x64
		Release|x86 = Release|x86
	EndGlobalSection
	GlobalSection(ProjectConfigurationPlatforms) = postSolution
		{49FA25BF-F627-4ADE-85FB-9D5A73171423}.Debug|x64.ActiveCfg = Debug|x64
		{49FA25BF-F627-4ADE-85FB-9D5A73171423}.Debug|x64.Build.0 = Debug|x64
		{49FA25BF-F627-4ADE-85FB-9D5A73171423}.Debug|x86.ActiveCfg = Debug|Win32
		{49FA25BF-F627-4ADE-85FB-9D5A73171423}.Debug|x86.Build.0 = Debug|Win32
		{49FA25BF-F627-4ADE-85FB-9D5A73171423}.Release|x64.ActiveCfg = Release|x64
		{49FA25BF-F627-4ADE-85FB-9D5A73171423}.Release|x64.Build.0 = Release|x64
		{49FA25BF-F627-4ADE-85FB-9D5A73171423}.Release|x86.ActiveCfg = Release|Win32
		{49FA25BF-F627-4ADE-85FB-9D5A73171423}.Release|x86.Build.0 = Release|Win32
	EndGlobalSection
	GlobalSection(SolutionProperties) = preSolution
		HideSolutionNode = FALSE
	EndGlobalSection
	GlobalSection(ExtensibilityGlobals) = postSolution
		SolutionGuid = {86D75C40-D14E-481E-B6F8-EE81A1DD5B27}
	EndGlobalSection
EndGlobal
