
Microsoft Visual Studio Solution File, Format Version 12.00
# Visual Studio Version 16
VisualStudioVersion = 16.0.29509.3
MinimumVisualStudioVersion = 10.0.40219.1
Project("{8BC9CEB8-8B4A-11D0-8D11-00A0C91BC942}") = "Project13", "Project13.vcxproj", "{DEB45690-E649-4E79-8F7D-0CCEAED497CE}"
EndProject
Global
	GlobalSection(SolutionConfigurationPlatforms) = preSolution
		Debug|x64 = Debug|x64
		Debug|x86 = Debug|x86
		Release|x64 = Release|x64
		Release|x86 = Release|x86
	EndGlobalSection
	GlobalSection(ProjectConfigurationPlatforms) = postSolution
		{DEB45690-E649-4E79-8F7D-0CCEAED497CE}.Debug|x64.ActiveCfg = Debug|x64
		{DEB45690-E649-4E79-8F7D-0CCEAED497CE}.Debug|x64.Build.0 = Debug|x64
		{DEB45690-E649-4E79-8F7D-0CCEAED497CE}.Debug|x86.ActiveCfg = Debug|Win32
		{DEB45690-E649-4E79-8F7D-0CCEAED497CE}.Debug|x86.Build.0 = Debug|Win32
		{DEB45690-E649-4E79-8F7D-0CCEAED497CE}.Release|x64.ActiveCfg = Release|x64
		{DEB45690-E649-4E79-8F7D-0CCEAED497CE}.Release|x64.Build.0 = Release|x64
		{DEB45690-E649-4E79-8F7D-0CCEAED497CE}.Release|x86.ActiveCfg = Release|Win32
		{DEB45690-E649-4E79-8F7D-0CCEAED497CE}.Release|x86.Build.0 = Release|Win32
	EndGlobalSection
	GlobalSection(SolutionProperties) = preSolution
		HideSolutionNode = FALSE
	EndGlobalSection
	GlobalSection(ExtensibilityGlobals) = postSolution
		SolutionGuid = {92B8CECA-A803-4FC8-9088-5AA425864007}
	EndGlobalSection
EndGlobal
