
Microsoft Visual Studio Solution File, Format Version 12.00
# Visual Studio Version 16
VisualStudioVersion = 16.0.30225.117
MinimumVisualStudioVersion = 10.0.40219.1
Project("{8BC9CEB8-8B4A-11D0-8D11-00A0C91BC942}") = "链表基础", "链表基础.vcxproj", "{20C51740-A120-4E50-9399-D0E3FEEF9972}"
EndProject
Global
	GlobalSection(SolutionConfigurationPlatforms) = preSolution
		Debug|x64 = Debug|x64
		Debug|x86 = Debug|x86
		Release|x64 = Release|x64
		Release|x86 = Release|x86
	EndGlobalSection
	GlobalSection(ProjectConfigurationPlatforms) = postSolution
		{20C51740-A120-4E50-9399-D0E3FEEF9972}.Debug|x64.ActiveCfg = Debug|x64
		{20C51740-A120-4E50-9399-D0E3FEEF9972}.Debug|x64.Build.0 = Debug|x64
		{20C51740-A120-4E50-9399-D0E3FEEF9972}.Debug|x86.ActiveCfg = Debug|Win32
		{20C51740-A120-4E50-9399-D0E3FEEF9972}.Debug|x86.Build.0 = Debug|Win32
		{20C51740-A120-4E50-9399-D0E3FEEF9972}.Release|x64.ActiveCfg = Release|x64
		{20C51740-A120-4E50-9399-D0E3FEEF9972}.Release|x64.Build.0 = Release|x64
		{20C51740-A120-4E50-9399-D0E3FEEF9972}.Release|x86.ActiveCfg = Release|Win32
		{20C51740-A120-4E50-9399-D0E3FEEF9972}.Release|x86.Build.0 = Release|Win32
	EndGlobalSection
	GlobalSection(SolutionProperties) = preSolution
		HideSolutionNode = FALSE
	EndGlobalSection
	GlobalSection(ExtensibilityGlobals) = postSolution
		SolutionGuid = {049A2227-B880-4A86-B5AE-F79858C0A3F7}
	EndGlobalSection
EndGlobal
