
Microsoft Visual Studio Solution File, Format Version 12.00
# Visual Studio Version 16
VisualStudioVersion = 16.0.29709.97
MinimumVisualStudioVersion = 10.0.40219.1
Project("{8BC9CEB8-8B4A-11D0-8D11-00A0C91BC942}") = "Project2", "Project2.vcxproj", "{F450A34A-6E47-4F46-AB79-A8D870B43C8C}"
EndProject
Global
	GlobalSection(SolutionConfigurationPlatforms) = preSolution
		Debug|x64 = Debug|x64
		Debug|x86 = Debug|x86
		Release|x64 = Release|x64
		Release|x86 = Release|x86
	EndGlobalSection
	GlobalSection(ProjectConfigurationPlatforms) = postSolution
		{F450A34A-6E47-4F46-AB79-A8D870B43C8C}.Debug|x64.ActiveCfg = Debug|x64
		{F450A34A-6E47-4F46-AB79-A8D870B43C8C}.Debug|x64.Build.0 = Debug|x64
		{F450A34A-6E47-4F46-AB79-A8D870B43C8C}.Debug|x86.ActiveCfg = Debug|Win32
		{F450A34A-6E47-4F46-AB79-A8D870B43C8C}.Debug|x86.Build.0 = Debug|Win32
		{F450A34A-6E47-4F46-AB79-A8D870B43C8C}.Release|x64.ActiveCfg = Release|x64
		{F450A34A-6E47-4F46-AB79-A8D870B43C8C}.Release|x64.Build.0 = Release|x64
		{F450A34A-6E47-4F46-AB79-A8D870B43C8C}.Release|x86.ActiveCfg = Release|Win32
		{F450A34A-6E47-4F46-AB79-A8D870B43C8C}.Release|x86.Build.0 = Release|Win32
	EndGlobalSection
	GlobalSection(SolutionProperties) = preSolution
		HideSolutionNode = FALSE
	EndGlobalSection
	GlobalSection(ExtensibilityGlobals) = postSolution
		SolutionGuid = {18CB8D75-AAA2-49BD-9269-886EA8D7F967}
	EndGlobalSection
EndGlobal
